
Microsoft Visual Studio Solution File, Format Version 12.00
# Visual Studio 15
VisualStudioVersion = 15.0.28307.645
MinimumVisualStudioVersion = 10.0.40219.1
Project("{9A19103F-16F7-4668-BE54-9A1E7A4F7556}") = "ConsoleCore", "AppConfigurationServicePOC\ConsoleCore.csproj", "{32AFD476-B6BA-48DC-9C58-7162693A0190}"
EndProject
Project("{9A19103F-16F7-4668-BE54-9A1E7A4F7556}") = "WebAPICore", "WebAPI\WebAPICore.csproj", "{5688A5AC-3BC3-4259-B438-657B0CD397DE}"
EndProject
Project("{FAE04EC0-301F-11D3-BF4B-00C04F79EFBC}") = "ConsoleFramework", "ConsoleFramework\ConsoleFramework.csproj", "{E943534E-0742-48CC-80FC-CF8AECA08204}"
EndProject
Project("{FAE04EC0-301F-11D3-BF4B-00C04F79EFBC}") = "WebApiFramework", "WebApiFramework\WebApiFramework.csproj", "{E105557A-A594-4302-B471-E7A7425929AA}"
EndProject
Project("{FAE04EC0-301F-11D3-BF4B-00C04F79EFBC}") = "WebFramework", "WebFramework\WebFramework.csproj", "{D94E3214-5FE7-44D6-BD77-82D267B618F9}"
EndProject
Global
	GlobalSection(SolutionConfigurationPlatforms) = preSolution
		Debug|Any CPU = Debug|Any CPU
		Release|Any CPU = Release|Any CPU
	EndGlobalSection
	GlobalSection(ProjectConfigurationPlatforms) = postSolution
		{32AFD476-B6BA-48DC-9C58-7162693A0190}.Debug|Any CPU.ActiveCfg = Debug|Any CPU
		{32AFD476-B6BA-48DC-9C58-7162693A0190}.Debug|Any CPU.Build.0 = Debug|Any CPU
		{32AFD476-B6BA-48DC-9C58-7162693A0190}.Release|Any CPU.ActiveCfg = Release|Any CPU
		{32AFD476-B6BA-48DC-9C58-7162693A0190}.Release|Any CPU.Build.0 = Release|Any CPU
		{5688A5AC-3BC3-4259-B438-657B0CD397DE}.Debug|Any CPU.ActiveCfg = Debug|Any CPU
		{5688A5AC-3BC3-4259-B438-657B0CD397DE}.Debug|Any CPU.Build.0 = Debug|Any CPU
		{5688A5AC-3BC3-4259-B438-657B0CD397DE}.Release|Any CPU.ActiveCfg = Release|Any CPU
		{5688A5AC-3BC3-4259-B438-657B0CD397DE}.Release|Any CPU.Build.0 = Release|Any CPU
		{E943534E-0742-48CC-80FC-CF8AECA08204}.Debug|Any CPU.ActiveCfg = Debug|Any CPU
		{E943534E-0742-48CC-80FC-CF8AECA08204}.Debug|Any CPU.Build.0 = Debug|Any CPU
		{E943534E-0742-48CC-80FC-CF8AECA08204}.Release|Any CPU.ActiveCfg = Release|Any CPU
		{E943534E-0742-48CC-80FC-CF8AECA08204}.Release|Any CPU.Build.0 = Release|Any CPU
		{E105557A-A594-4302-B471-E7A7425929AA}.Debug|Any CPU.ActiveCfg = Debug|Any CPU
		{E105557A-A594-4302-B471-E7A7425929AA}.Debug|Any CPU.Build.0 = Debug|Any CPU
		{E105557A-A594-4302-B471-E7A7425929AA}.Release|Any CPU.ActiveCfg = Release|Any CPU
		{E105557A-A594-4302-B471-E7A7425929AA}.Release|Any CPU.Build.0 = Release|Any CPU
		{D94E3214-5FE7-44D6-BD77-82D267B618F9}.Debug|Any CPU.ActiveCfg = Debug|Any CPU
		{D94E3214-5FE7-44D6-BD77-82D267B618F9}.Debug|Any CPU.Build.0 = Debug|Any CPU
		{D94E3214-5FE7-44D6-BD77-82D267B618F9}.Release|Any CPU.ActiveCfg = Release|Any CPU
		{D94E3214-5FE7-44D6-BD77-82D267B618F9}.Release|Any CPU.Build.0 = Release|Any CPU
	EndGlobalSection
	GlobalSection(SolutionProperties) = preSolution
		HideSolutionNode = FALSE
	EndGlobalSection
	GlobalSection(ExtensibilityGlobals) = postSolution
		SolutionGuid = {501FD912-86B7-4C45-97C5-53D2108374A5}
	EndGlobalSection
EndGlobal
